
Microsoft Visual Studio Solution File, Format Version 12.00
# Visual Studio Version 17
VisualStudioVersion = 17.5.002.0
MinimumVisualStudioVersion = 10.0.40219.1
Project("{9A19103F-16F7-4668-BE54-9A1E7A4F7556}") = "TestClient", "TestClient\TestClient.csproj", "{98EBFEC4-9C8B-4FA8-AF7C-3F9BF88A699B}"
EndProject
Project("{9A19103F-16F7-4668-BE54-9A1E7A4F7556}") = "SimpleL7Proxy2", "src-rx\SimpleL7Proxy2.csproj", "{90879664-7F50-411F-B1EA-B805918E43B8}"
EndProject
Project("{2150E333-8FDC-42A3-9474-1A3956D46DE8}") = "src", "src", "{2F43777E-BC06-4A84-9D37-76E9FE34E6BE}"
EndProject
Project("{9A19103F-16F7-4668-BE54-9A1E7A4F7556}") = "SimpleL7Proxy", "src\SimpleL7Proxy\SimpleL7Proxy.csproj", "{30819770-EC5D-4D6F-8C98-A6780E4633A1}"
EndProject
Project("{2150E333-8FDC-42A3-9474-1A3956D46DE8}") = "test", "test", "{A9F0DA11-B3E4-4060-9A76-10B37D3B09CA}"
EndProject
Project("{9A19103F-16F7-4668-BE54-9A1E7A4F7556}") = "Tests", "test\ProxyWorkerTests\Tests.csproj", "{8ED7BB66-0076-43B0-832C-600C2F62E66D}"
EndProject
Project("{2150E333-8FDC-42A3-9474-1A3956D46DE8}") = "nullserver", "nullserver", "{3DE5977E-1C8E-461E-9AD2-DD9E57ABADD1}"
EndProject
Project("{9A19103F-16F7-4668-BE54-9A1E7A4F7556}") = "nullserver", "test\nullserver\nullserver\nullserver.csproj", "{56F72749-1C09-49EE-90E2-A11D571AE1AA}"
EndProject
Project("{2150E333-8FDC-42A3-9474-1A3956D46DE8}") = "generator", "generator", "{5C8DAEFB-1752-4182-988E-AAB97ABE1F28}"
EndProject
Project("{9A19103F-16F7-4668-BE54-9A1E7A4F7556}") = "generator_one", "test\generator\generator_one\generator_one.csproj", "{B1136BDF-743B-4581-9F6A-EDED51F4D00F}"
EndProject
Project("{2150E333-8FDC-42A3-9474-1A3956D46DE8}") = "identity-test", "identity-test", "{3460927E-7A06-4E4D-A5ED-1F6A0D4E2D52}"
EndProject
Project("{9A19103F-16F7-4668-BE54-9A1E7A4F7556}") = "test-identity", "test\identity-test\dotnet\test-identity.csproj", "{0594D29A-88EE-4D53-AC9F-A2980438999F}"
EndProject
Global
	GlobalSection(SolutionConfigurationPlatforms) = preSolution
		Debug|Any CPU = Debug|Any CPU
		Release|Any CPU = Release|Any CPU
	EndGlobalSection
	GlobalSection(ProjectConfigurationPlatforms) = postSolution
		{98EBFEC4-9C8B-4FA8-AF7C-3F9BF88A699B}.Debug|Any CPU.ActiveCfg = Debug|Any CPU
		{98EBFEC4-9C8B-4FA8-AF7C-3F9BF88A699B}.Debug|Any CPU.Build.0 = Debug|Any CPU
		{98EBFEC4-9C8B-4FA8-AF7C-3F9BF88A699B}.Release|Any CPU.ActiveCfg = Release|Any CPU
		{98EBFEC4-9C8B-4FA8-AF7C-3F9BF88A699B}.Release|Any CPU.Build.0 = Release|Any CPU
		{90879664-7F50-411F-B1EA-B805918E43B8}.Debug|Any CPU.ActiveCfg = Debug|Any CPU
		{90879664-7F50-411F-B1EA-B805918E43B8}.Debug|Any CPU.Build.0 = Debug|Any CPU
		{90879664-7F50-411F-B1EA-B805918E43B8}.Release|Any CPU.ActiveCfg = Release|Any CPU
		{90879664-7F50-411F-B1EA-B805918E43B8}.Release|Any CPU.Build.0 = Release|Any CPU
		{30819770-EC5D-4D6F-8C98-A6780E4633A1}.Debug|Any CPU.ActiveCfg = Debug|Any CPU
		{30819770-EC5D-4D6F-8C98-A6780E4633A1}.Debug|Any CPU.Build.0 = Debug|Any CPU
		{30819770-EC5D-4D6F-8C98-A6780E4633A1}.Release|Any CPU.ActiveCfg = Release|Any CPU
		{30819770-EC5D-4D6F-8C98-A6780E4633A1}.Release|Any CPU.Build.0 = Release|Any CPU
		{8ED7BB66-0076-43B0-832C-600C2F62E66D}.Debug|Any CPU.ActiveCfg = Debug|Any CPU
		{8ED7BB66-0076-43B0-832C-600C2F62E66D}.Debug|Any CPU.Build.0 = Debug|Any CPU
		{8ED7BB66-0076-43B0-832C-600C2F62E66D}.Release|Any CPU.ActiveCfg = Release|Any CPU
		{8ED7BB66-0076-43B0-832C-600C2F62E66D}.Release|Any CPU.Build.0 = Release|Any CPU
		{56F72749-1C09-49EE-90E2-A11D571AE1AA}.Debug|Any CPU.ActiveCfg = Debug|Any CPU
		{56F72749-1C09-49EE-90E2-A11D571AE1AA}.Debug|Any CPU.Build.0 = Debug|Any CPU
		{56F72749-1C09-49EE-90E2-A11D571AE1AA}.Release|Any CPU.ActiveCfg = Release|Any CPU
		{56F72749-1C09-49EE-90E2-A11D571AE1AA}.Release|Any CPU.Build.0 = Release|Any CPU
		{B1136BDF-743B-4581-9F6A-EDED51F4D00F}.Debug|Any CPU.ActiveCfg = Debug|Any CPU
		{B1136BDF-743B-4581-9F6A-EDED51F4D00F}.Debug|Any CPU.Build.0 = Debug|Any CPU
		{B1136BDF-743B-4581-9F6A-EDED51F4D00F}.Release|Any CPU.ActiveCfg = Release|Any CPU
		{B1136BDF-743B-4581-9F6A-EDED51F4D00F}.Release|Any CPU.Build.0 = Release|Any CPU
		{0594D29A-88EE-4D53-AC9F-A2980438999F}.Debug|Any CPU.ActiveCfg = Debug|Any CPU
		{0594D29A-88EE-4D53-AC9F-A2980438999F}.Debug|Any CPU.Build.0 = Debug|Any CPU
		{0594D29A-88EE-4D53-AC9F-A2980438999F}.Release|Any CPU.ActiveCfg = Release|Any CPU
		{0594D29A-88EE-4D53-AC9F-A2980438999F}.Release|Any CPU.Build.0 = Release|Any CPU
	EndGlobalSection
	GlobalSection(SolutionProperties) = preSolution
		HideSolutionNode = FALSE
	EndGlobalSection
	GlobalSection(NestedProjects) = preSolution
		{30819770-EC5D-4D6F-8C98-A6780E4633A1} = {2F43777E-BC06-4A84-9D37-76E9FE34E6BE}
		{8ED7BB66-0076-43B0-832C-600C2F62E66D} = {A9F0DA11-B3E4-4060-9A76-10B37D3B09CA}
		{3DE5977E-1C8E-461E-9AD2-DD9E57ABADD1} = {A9F0DA11-B3E4-4060-9A76-10B37D3B09CA}
		{56F72749-1C09-49EE-90E2-A11D571AE1AA} = {3DE5977E-1C8E-461E-9AD2-DD9E57ABADD1}
		{5C8DAEFB-1752-4182-988E-AAB97ABE1F28} = {A9F0DA11-B3E4-4060-9A76-10B37D3B09CA}
		{B1136BDF-743B-4581-9F6A-EDED51F4D00F} = {5C8DAEFB-1752-4182-988E-AAB97ABE1F28}
		{3460927E-7A06-4E4D-A5ED-1F6A0D4E2D52} = {A9F0DA11-B3E4-4060-9A76-10B37D3B09CA}
		{0594D29A-88EE-4D53-AC9F-A2980438999F} = {3460927E-7A06-4E4D-A5ED-1F6A0D4E2D52}
	EndGlobalSection
	GlobalSection(ExtensibilityGlobals) = postSolution
		SolutionGuid = {4FFFA080-AA7B-44E5-BF2D-BA66D6396B12}
	EndGlobalSection
EndGlobal
