
Microsoft Visual Studio Solution File, Format Version 12.00
# Visual Studio Version 17
VisualStudioVersion = 17.5.2.0
MinimumVisualStudioVersion = 10.0.40219.1
Project("{9A19103F-16F7-4668-BE54-9A1E7A4F7556}") = "SimpleL7Proxy.Test", "test\RegressionTests\SimpleL7Proxy.Test.csproj", "{16114946-D4F2-4604-A732-D5AFFEF295A1}"
EndProject
Project("{2150E333-8FDC-42A3-9474-1A3956D46DE8}") = "src", "src", "{806C4881-406B-4504-BCC9-781F89BFCCB9}"
EndProject
Project("{9A19103F-16F7-4668-BE54-9A1E7A4F7556}") = "SimpleL7Proxy", "src\SimpleL7Proxy\SimpleL7Proxy.csproj", "{1BEAB9EB-9991-41ED-99B5-F7A8D374491A}"
EndProject
Project("{2150E333-8FDC-42A3-9474-1A3956D46DE8}") = "test", "test", "{7FB4896E-B4A7-4030-A112-06B8E8A701B7}"
EndProject
Project("{9A19103F-16F7-4668-BE54-9A1E7A4F7556}") = "nullserver", "test\nullserver\dotnet\nullserver.csproj", "{9F502DB0-81A5-4AAB-B915-AAABAA55B0A3}"
EndProject
Project("{2150E333-8FDC-42A3-9474-1A3956D46DE8}") = "generator", "generator", "{5315AE06-D9C2-456F-BE0C-4B6996540CC9}"
EndProject
Project("{9A19103F-16F7-4668-BE54-9A1E7A4F7556}") = "generator_one", "test\generator\generator_one\generator_one.csproj", "{F045A36C-FFC3-4732-B898-1FF6ED71B4AE}"
EndProject
Project("{2150E333-8FDC-42A3-9474-1A3956D46DE8}") = "identity-test", "identity-test", "{B7220CAA-AAAA-4E8E-BECE-6420B7002D4A}"
EndProject
Project("{9A19103F-16F7-4668-BE54-9A1E7A4F7556}") = "test-identity", "test\identity-test\dotnet\test-identity.csproj", "{0811BDC2-EB4B-4457-840B-6C53FD8C80B3}"
EndProject
Project("{FAE04EC0-301F-11D3-BF4B-00C04F79EFBC}") = "EventHubMonitorTests", "test\EventHubMonitorTests\EventHubMonitorTests.csproj", "{590B56CC-158B-479B-9CF0-C490E1F0C8EE}"
EndProject
Project("{FAE04EC0-301F-11D3-BF4B-00C04F79EFBC}") = "chat_tester", "test\chat_tester\chat_tester.csproj", "{2F4653AE-15B1-4A97-9FFC-35D6A8AFBE87}"
EndProject
Project("{FAE04EC0-301F-11D3-BF4B-00C04F79EFBC}") = "QueueBenchmarks", "test\QueueBenchmarks\QueueBenchmarks.csproj", "{51AF2699-4CDE-4244-8FCE-C67B42877F3C}"
EndProject
Project("{2150E333-8FDC-42A3-9474-1A3956D46DE8}") = "RegressionTests", "RegressionTests", "{0678F94D-F13F-40DA-D41A-C0ABA8D4557A}"
EndProject
Project("{2150E333-8FDC-42A3-9474-1A3956D46DE8}") = "ReportRenderer", "ReportRenderer", "{4281A764-117B-CFF7-4840-DD28D4153297}"
EndProject
Project("{FAE04EC0-301F-11D3-BF4B-00C04F79EFBC}") = "RegressionReportRenderer", "test\RegressionTests\Framework\ReportRenderer\RegressionReportRenderer.csproj", "{23DE2DE2-59C1-499D-AEBF-DAADB7804655}"
EndProject
Global
	GlobalSection(SolutionConfigurationPlatforms) = preSolution
		Debug|Any CPU = Debug|Any CPU
		Debug|x64 = Debug|x64
		Debug|x86 = Debug|x86
		Release|Any CPU = Release|Any CPU
		Release|x64 = Release|x64
		Release|x86 = Release|x86
	EndGlobalSection
	GlobalSection(ProjectConfigurationPlatforms) = postSolution
		{16114946-D4F2-4604-A732-D5AFFEF295A1}.Debug|Any CPU.ActiveCfg = Debug|Any CPU
		{16114946-D4F2-4604-A732-D5AFFEF295A1}.Debug|Any CPU.Build.0 = Debug|Any CPU
		{16114946-D4F2-4604-A732-D5AFFEF295A1}.Debug|x64.ActiveCfg = Debug|Any CPU
		{16114946-D4F2-4604-A732-D5AFFEF295A1}.Debug|x64.Build.0 = Debug|Any CPU
		{16114946-D4F2-4604-A732-D5AFFEF295A1}.Debug|x86.ActiveCfg = Debug|Any CPU
		{16114946-D4F2-4604-A732-D5AFFEF295A1}.Debug|x86.Build.0 = Debug|Any CPU
		{16114946-D4F2-4604-A732-D5AFFEF295A1}.Release|Any CPU.ActiveCfg = Release|Any CPU
		{16114946-D4F2-4604-A732-D5AFFEF295A1}.Release|Any CPU.Build.0 = Release|Any CPU
		{16114946-D4F2-4604-A732-D5AFFEF295A1}.Release|x64.ActiveCfg = Release|Any CPU
		{16114946-D4F2-4604-A732-D5AFFEF295A1}.Release|x64.Build.0 = Release|Any CPU
		{16114946-D4F2-4604-A732-D5AFFEF295A1}.Release|x86.ActiveCfg = Release|Any CPU
		{16114946-D4F2-4604-A732-D5AFFEF295A1}.Release|x86.Build.0 = Release|Any CPU
		{1BEAB9EB-9991-41ED-99B5-F7A8D374491A}.Debug|Any CPU.ActiveCfg = Debug|Any CPU
		{1BEAB9EB-9991-41ED-99B5-F7A8D374491A}.Debug|Any CPU.Build.0 = Debug|Any CPU
		{1BEAB9EB-9991-41ED-99B5-F7A8D374491A}.Debug|x64.ActiveCfg = Debug|Any CPU
		{1BEAB9EB-9991-41ED-99B5-F7A8D374491A}.Debug|x64.Build.0 = Debug|Any CPU
		{1BEAB9EB-9991-41ED-99B5-F7A8D374491A}.Debug|x86.ActiveCfg = Debug|Any CPU
		{1BEAB9EB-9991-41ED-99B5-F7A8D374491A}.Debug|x86.Build.0 = Debug|Any CPU
		{1BEAB9EB-9991-41ED-99B5-F7A8D374491A}.Release|Any CPU.ActiveCfg = Release|Any CPU
		{1BEAB9EB-9991-41ED-99B5-F7A8D374491A}.Release|Any CPU.Build.0 = Release|Any CPU
		{1BEAB9EB-9991-41ED-99B5-F7A8D374491A}.Release|x64.ActiveCfg = Release|Any CPU
		{1BEAB9EB-9991-41ED-99B5-F7A8D374491A}.Release|x64.Build.0 = Release|Any CPU
		{1BEAB9EB-9991-41ED-99B5-F7A8D374491A}.Release|x86.ActiveCfg = Release|Any CPU
		{1BEAB9EB-9991-41ED-99B5-F7A8D374491A}.Release|x86.Build.0 = Release|Any CPU
		{9F502DB0-81A5-4AAB-B915-AAABAA55B0A3}.Debug|Any CPU.ActiveCfg = Debug|Any CPU
		{9F502DB0-81A5-4AAB-B915-AAABAA55B0A3}.Debug|Any CPU.Build.0 = Debug|Any CPU
		{9F502DB0-81A5-4AAB-B915-AAABAA55B0A3}.Debug|x64.ActiveCfg = Debug|Any CPU
		{9F502DB0-81A5-4AAB-B915-AAABAA55B0A3}.Debug|x64.Build.0 = Debug|Any CPU
		{9F502DB0-81A5-4AAB-B915-AAABAA55B0A3}.Debug|x86.ActiveCfg = Debug|Any CPU
		{9F502DB0-81A5-4AAB-B915-AAABAA55B0A3}.Debug|x86.Build.0 = Debug|Any CPU
		{9F502DB0-81A5-4AAB-B915-AAABAA55B0A3}.Release|Any CPU.ActiveCfg = Release|Any CPU
		{9F502DB0-81A5-4AAB-B915-AAABAA55B0A3}.Release|Any CPU.Build.0 = Release|Any CPU
		{9F502DB0-81A5-4AAB-B915-AAABAA55B0A3}.Release|x64.ActiveCfg = Release|Any CPU
		{9F502DB0-81A5-4AAB-B915-AAABAA55B0A3}.Release|x64.Build.0 = Release|Any CPU
		{9F502DB0-81A5-4AAB-B915-AAABAA55B0A3}.Release|x86.ActiveCfg = Release|Any CPU
		{9F502DB0-81A5-4AAB-B915-AAABAA55B0A3}.Release|x86.Build.0 = Release|Any CPU
		{F045A36C-FFC3-4732-B898-1FF6ED71B4AE}.Debug|Any CPU.ActiveCfg = Debug|Any CPU
		{F045A36C-FFC3-4732-B898-1FF6ED71B4AE}.Debug|Any CPU.Build.0 = Debug|Any CPU
		{F045A36C-FFC3-4732-B898-1FF6ED71B4AE}.Debug|x64.ActiveCfg = Debug|Any CPU
		{F045A36C-FFC3-4732-B898-1FF6ED71B4AE}.Debug|x64.Build.0 = Debug|Any CPU
		{F045A36C-FFC3-4732-B898-1FF6ED71B4AE}.Debug|x86.ActiveCfg = Debug|Any CPU
		{F045A36C-FFC3-4732-B898-1FF6ED71B4AE}.Debug|x86.Build.0 = Debug|Any CPU
		{F045A36C-FFC3-4732-B898-1FF6ED71B4AE}.Release|Any CPU.ActiveCfg = Release|Any CPU
		{F045A36C-FFC3-4732-B898-1FF6ED71B4AE}.Release|Any CPU.Build.0 = Release|Any CPU
		{F045A36C-FFC3-4732-B898-1FF6ED71B4AE}.Release|x64.ActiveCfg = Release|Any CPU
		{F045A36C-FFC3-4732-B898-1FF6ED71B4AE}.Release|x64.Build.0 = Release|Any CPU
		{F045A36C-FFC3-4732-B898-1FF6ED71B4AE}.Release|x86.ActiveCfg = Release|Any CPU
		{F045A36C-FFC3-4732-B898-1FF6ED71B4AE}.Release|x86.Build.0 = Release|Any CPU
		{0811BDC2-EB4B-4457-840B-6C53FD8C80B3}.Debug|Any CPU.ActiveCfg = Debug|Any CPU
		{0811BDC2-EB4B-4457-840B-6C53FD8C80B3}.Debug|Any CPU.Build.0 = Debug|Any CPU
		{0811BDC2-EB4B-4457-840B-6C53FD8C80B3}.Debug|x64.ActiveCfg = Debug|Any CPU
		{0811BDC2-EB4B-4457-840B-6C53FD8C80B3}.Debug|x64.Build.0 = Debug|Any CPU
		{0811BDC2-EB4B-4457-840B-6C53FD8C80B3}.Debug|x86.ActiveCfg = Debug|Any CPU
		{0811BDC2-EB4B-4457-840B-6C53FD8C80B3}.Debug|x86.Build.0 = Debug|Any CPU
		{0811BDC2-EB4B-4457-840B-6C53FD8C80B3}.Release|Any CPU.ActiveCfg = Release|Any CPU
		{0811BDC2-EB4B-4457-840B-6C53FD8C80B3}.Release|Any CPU.Build.0 = Release|Any CPU
		{0811BDC2-EB4B-4457-840B-6C53FD8C80B3}.Release|x64.ActiveCfg = Release|Any CPU
		{0811BDC2-EB4B-4457-840B-6C53FD8C80B3}.Release|x64.Build.0 = Release|Any CPU
		{0811BDC2-EB4B-4457-840B-6C53FD8C80B3}.Release|x86.ActiveCfg = Release|Any CPU
		{0811BDC2-EB4B-4457-840B-6C53FD8C80B3}.Release|x86.Build.0 = Release|Any CPU
		{590B56CC-158B-479B-9CF0-C490E1F0C8EE}.Debug|Any CPU.ActiveCfg = Debug|Any CPU
		{590B56CC-158B-479B-9CF0-C490E1F0C8EE}.Debug|Any CPU.Build.0 = Debug|Any CPU
		{590B56CC-158B-479B-9CF0-C490E1F0C8EE}.Debug|x64.ActiveCfg = Debug|Any CPU
		{590B56CC-158B-479B-9CF0-C490E1F0C8EE}.Debug|x64.Build.0 = Debug|Any CPU
		{590B56CC-158B-479B-9CF0-C490E1F0C8EE}.Debug|x86.ActiveCfg = Debug|Any CPU
		{590B56CC-158B-479B-9CF0-C490E1F0C8EE}.Debug|x86.Build.0 = Debug|Any CPU
		{590B56CC-158B-479B-9CF0-C490E1F0C8EE}.Release|Any CPU.ActiveCfg = Release|Any CPU
		{590B56CC-158B-479B-9CF0-C490E1F0C8EE}.Release|Any CPU.Build.0 = Release|Any CPU
		{590B56CC-158B-479B-9CF0-C490E1F0C8EE}.Release|x64.ActiveCfg = Release|Any CPU
		{590B56CC-158B-479B-9CF0-C490E1F0C8EE}.Release|x64.Build.0 = Release|Any CPU
		{590B56CC-158B-479B-9CF0-C490E1F0C8EE}.Release|x86.ActiveCfg = Release|Any CPU
		{590B56CC-158B-479B-9CF0-C490E1F0C8EE}.Release|x86.Build.0 = Release|Any CPU
		{2F4653AE-15B1-4A97-9FFC-35D6A8AFBE87}.Debug|Any CPU.ActiveCfg = Debug|Any CPU
		{2F4653AE-15B1-4A97-9FFC-35D6A8AFBE87}.Debug|Any CPU.Build.0 = Debug|Any CPU
		{2F4653AE-15B1-4A97-9FFC-35D6A8AFBE87}.Debug|x64.ActiveCfg = Debug|Any CPU
		{2F4653AE-15B1-4A97-9FFC-35D6A8AFBE87}.Debug|x64.Build.0 = Debug|Any CPU
		{2F4653AE-15B1-4A97-9FFC-35D6A8AFBE87}.Debug|x86.ActiveCfg = Debug|Any CPU
		{2F4653AE-15B1-4A97-9FFC-35D6A8AFBE87}.Debug|x86.Build.0 = Debug|Any CPU
		{2F4653AE-15B1-4A97-9FFC-35D6A8AFBE87}.Release|Any CPU.ActiveCfg = Release|Any CPU
		{2F4653AE-15B1-4A97-9FFC-35D6A8AFBE87}.Release|Any CPU.Build.0 = Release|Any CPU
		{2F4653AE-15B1-4A97-9FFC-35D6A8AFBE87}.Release|x64.ActiveCfg = Release|Any CPU
		{2F4653AE-15B1-4A97-9FFC-35D6A8AFBE87}.Release|x64.Build.0 = Release|Any CPU
		{2F4653AE-15B1-4A97-9FFC-35D6A8AFBE87}.Release|x86.ActiveCfg = Release|Any CPU
		{2F4653AE-15B1-4A97-9FFC-35D6A8AFBE87}.Release|x86.Build.0 = Release|Any CPU
		{51AF2699-4CDE-4244-8FCE-C67B42877F3C}.Debug|Any CPU.ActiveCfg = Debug|Any CPU
		{51AF2699-4CDE-4244-8FCE-C67B42877F3C}.Debug|Any CPU.Build.0 = Debug|Any CPU
		{51AF2699-4CDE-4244-8FCE-C67B42877F3C}.Debug|x64.ActiveCfg = Debug|Any CPU
		{51AF2699-4CDE-4244-8FCE-C67B42877F3C}.Debug|x64.Build.0 = Debug|Any CPU
		{51AF2699-4CDE-4244-8FCE-C67B42877F3C}.Debug|x86.ActiveCfg = Debug|Any CPU
		{51AF2699-4CDE-4244-8FCE-C67B42877F3C}.Debug|x86.Build.0 = Debug|Any CPU
		{51AF2699-4CDE-4244-8FCE-C67B42877F3C}.Release|Any CPU.ActiveCfg = Release|Any CPU
		{51AF2699-4CDE-4244-8FCE-C67B42877F3C}.Release|Any CPU.Build.0 = Release|Any CPU
		{51AF2699-4CDE-4244-8FCE-C67B42877F3C}.Release|x64.ActiveCfg = Release|Any CPU
		{51AF2699-4CDE-4244-8FCE-C67B42877F3C}.Release|x64.Build.0 = Release|Any CPU
		{51AF2699-4CDE-4244-8FCE-C67B42877F3C}.Release|x86.ActiveCfg = Release|Any CPU
		{51AF2699-4CDE-4244-8FCE-C67B42877F3C}.Release|x86.Build.0 = Release|Any CPU
		{23DE2DE2-59C1-499D-AEBF-DAADB7804655}.Debug|Any CPU.ActiveCfg = Debug|Any CPU
		{23DE2DE2-59C1-499D-AEBF-DAADB7804655}.Debug|Any CPU.Build.0 = Debug|Any CPU
		{23DE2DE2-59C1-499D-AEBF-DAADB7804655}.Debug|x64.ActiveCfg = Debug|Any CPU
		{23DE2DE2-59C1-499D-AEBF-DAADB7804655}.Debug|x64.Build.0 = Debug|Any CPU
		{23DE2DE2-59C1-499D-AEBF-DAADB7804655}.Debug|x86.ActiveCfg = Debug|Any CPU
		{23DE2DE2-59C1-499D-AEBF-DAADB7804655}.Debug|x86.Build.0 = Debug|Any CPU
		{23DE2DE2-59C1-499D-AEBF-DAADB7804655}.Release|Any CPU.ActiveCfg = Release|Any CPU
		{23DE2DE2-59C1-499D-AEBF-DAADB7804655}.Release|Any CPU.Build.0 = Release|Any CPU
		{23DE2DE2-59C1-499D-AEBF-DAADB7804655}.Release|x64.ActiveCfg = Release|Any CPU
		{23DE2DE2-59C1-499D-AEBF-DAADB7804655}.Release|x64.Build.0 = Release|Any CPU
		{23DE2DE2-59C1-499D-AEBF-DAADB7804655}.Release|x86.ActiveCfg = Release|Any CPU
		{23DE2DE2-59C1-499D-AEBF-DAADB7804655}.Release|x86.Build.0 = Release|Any CPU
	EndGlobalSection
	GlobalSection(SolutionProperties) = preSolution
		HideSolutionNode = FALSE
	EndGlobalSection
	GlobalSection(NestedProjects) = preSolution
		{16114946-D4F2-4604-A732-D5AFFEF295A1} = {7FB4896E-B4A7-4030-A112-06B8E8A701B7}
		{1BEAB9EB-9991-41ED-99B5-F7A8D374491A} = {806C4881-406B-4504-BCC9-781F89BFCCB9}
		{9F502DB0-81A5-4AAB-B915-AAABAA55B0A3} = {7FB4896E-B4A7-4030-A112-06B8E8A701B7}
		{5315AE06-D9C2-456F-BE0C-4B6996540CC9} = {7FB4896E-B4A7-4030-A112-06B8E8A701B7}
		{F045A36C-FFC3-4732-B898-1FF6ED71B4AE} = {5315AE06-D9C2-456F-BE0C-4B6996540CC9}
		{B7220CAA-AAAA-4E8E-BECE-6420B7002D4A} = {7FB4896E-B4A7-4030-A112-06B8E8A701B7}
		{0811BDC2-EB4B-4457-840B-6C53FD8C80B3} = {B7220CAA-AAAA-4E8E-BECE-6420B7002D4A}
		{590B56CC-158B-479B-9CF0-C490E1F0C8EE} = {7FB4896E-B4A7-4030-A112-06B8E8A701B7}
		{2F4653AE-15B1-4A97-9FFC-35D6A8AFBE87} = {7FB4896E-B4A7-4030-A112-06B8E8A701B7}
		{51AF2699-4CDE-4244-8FCE-C67B42877F3C} = {7FB4896E-B4A7-4030-A112-06B8E8A701B7}
		{0678F94D-F13F-40DA-D41A-C0ABA8D4557A} = {7FB4896E-B4A7-4030-A112-06B8E8A701B7}
		{4281A764-117B-CFF7-4840-DD28D4153297} = {0678F94D-F13F-40DA-D41A-C0ABA8D4557A}
		{23DE2DE2-59C1-499D-AEBF-DAADB7804655} = {4281A764-117B-CFF7-4840-DD28D4153297}
	EndGlobalSection
	GlobalSection(ExtensibilityGlobals) = postSolution
		SolutionGuid = {66E0495D-8686-4347-B5AF-6D58FBD667A7}
	EndGlobalSection
EndGlobal
